// !$*UTF8*$!
{
	archiveVersion = 1;
	classes = {
	};
	objectVersion = 77;
	objects = {

/* Begin PBXContainerItemProxy section */
		DB92A24F2E2996FC00493C9D /* PBXContainerItemProxy */ = {
			isa = PBXContainerItemProxy;
			containerPortal = DB92A2362E2996FB00493C9D /* Project object */;
			proxyType = 1;
			remoteGlobalIDString = DB92A23D2E2996FB00493C9D;
			remoteInfo = 90;
		};
		DB92A2592E2996FC00493C9D /* PBXContainerItemProxy */ = {
			isa = PBXContainerItemProxy;
			containerPortal = DB92A2362E2996FB00493C9D /* Project object */;
			proxyType = 1;
			remoteGlobalIDString = DB92A23D2E2996FB00493C9D;
			remoteInfo = 90;
		};
/* End PBXContainerItemProxy section */

/* Begin PBXFileReference section */
		DB92A23E2E2996FB00493C9D /* 90.app */ = {isa = PBXFileReference; explicitFileType = wrapper.application; includeInIndex = 0; path = 90.app; sourceTree = BUILT_PRODUCTS_DIR; };
		DB92A24E2E2996FC00493C9D /* 90Tests.xctest */ = {isa = PBXFileReference; explicitFileType = wrapper.cfbundle; includeInIndex = 0; path = 90Tests.xctest; sourceTree = BUILT_PRODUCTS_DIR; };
		DB92A2582E2996FC00493C9D /* 90UITests.xctest */ = {isa = PBXFileReference; explicitFileType = wrapper.cfbundle; includeInIndex = 0; path = 90UITests.xctest; sourceTree = BUILT_PRODUCTS_DIR; };
/* End PBXFileReference section */

/* Begin PBXFileSystemSynchronizedRootGroup section */
		DB92A2402E2996FB00493C9D /* 90 */ = {
			isa = PBXFileSystemSynchronizedRootGroup;
			path = 90;
			sourceTree = "<group>";
		};
		DB92A2512E2996FC00493C9D /* 90Tests */ = {
			isa = PBXFileSystemSynchronizedRootGroup;
			path = 90Tests;
			sourceTree = "<group>";
		};
		DB92A25B2E2996FC00493C9D /* 90UITests */ = {
			isa = PBXFileSystemSynchronizedRootGroup;
			path = 90UITests;
			sourceTree = "<group>";
		};
/* End PBXFileSystemSynchronizedRootGroup section */

/* Begin PBXFrameworksBuildPhase section */
		DB92A23B2E2996FB00493C9D /* Frameworks */ = {
			isa = PBXFrameworksBuildPhase;
			buildActionMask = 2147483647;
			files = (
			);
			runOnlyForDeploymentPostprocessing = 0;
		};
		DB92A24B2E2996FC00493C9D /* Frameworks */ = {
			isa = PBXFrameworksBuildPhase;
			buildActionMask = 2147483647;
			files = (
			);
			runOnlyForDeploymentPostprocessing = 0;
		};
		DB92A2552E2996FC00493C9D /* Frameworks */ = {
			isa = PBXFrameworksBuildPhase;
			buildActionMask = 2147483647;
			files = (
			);
			runOnlyForDeploymentPostprocessing = 0;
		};
/* End PBXFrameworksBuildPhase section */

/* Begin PBXGroup section */
		DB92A2352E2996FB00493C9D = {
			isa = PBXGroup;
			children = (
				DB92A2402E2996FB00493C9D /* 90 */,
				DB92A2512E2996FC00493C9D /* 90Tests */,
				DB92A25B2E2996FC00493C9D /* 90UITests */,
				DB92A23F2E2996FB00493C9D /* Products */,
			);
			sourceTree = "<group>";
		};
		DB92A23F2E2996FB00493C9D /* Products */ = {
			isa = PBXGroup;
			children = (
				DB92A23E2E2996FB00493C9D /* 90.app */,
				DB92A24E2E2996FC00493C9D /* 90Tests.xctest */,
				DB92A2582E2996FC00493C9D /* 90UITests.xctest */,
			);
			name = Products;
			sourceTree = "<group>";
		};
/* End PBXGroup section */

/* Begin PBXNativeTarget section */
		DB92A23D2E2996FB00493C9D /* 90 */ = {
			isa = PBXNativeTarget;
			buildConfigurationList = DB92A2622E2996FC00493C9D /* Build configuration list for PBXNativeTarget "90" */;
			buildPhases = (
				DB92A23A2E2996FB00493C9D /* Sources */,
				DB92A23B2E2996FB00493C9D /* Frameworks */,
				DB92A23C2E2996FB00493C9D /* Resources */,
			);
			buildRules = (
			);
			dependencies = (
			);
			fileSystemSynchronizedGroups = (
				DB92A2402E2996FB00493C9D /* 90 */,
			);
			name = 90;
			packageProductDependencies = (
			);
			productName = 90;
			productReference = DB92A23E2E2996FB00493C9D /* 90.app */;
			productType = "com.apple.product-type.application";
		};
		DB92A24D2E2996FC00493C9D /* 90Tests */ = {
			isa = PBXNativeTarget;
			buildConfigurationList = DB92A2652E2996FC00493C9D /* Build configuration list for PBXNativeTarget "90Tests" */;
			buildPhases = (
				DB92A24A2E2996FC00493C9D /* Sources */,
				DB92A24B2E2996FC00493C9D /* Frameworks */,
				DB92A24C2E2996FC00493C9D /* Resources */,
			);
			buildRules = (
			);
			dependencies = (
				DB92A2502E2996FC00493C9D /* PBXTargetDependency */,
			);
			fileSystemSynchronizedGroups = (
				DB92A2512E2996FC00493C9D /* 90Tests */,
			);
			name = 90Tests;
			packageProductDependencies = (
			);
			productName = 90Tests;
			productReference = DB92A24E2E2996FC00493C9D /* 90Tests.xctest */;
			productType = "com.apple.product-type.bundle.unit-test";
		};
		DB92A2572E2996FC00493C9D /* 90UITests */ = {
			isa = PBXNativeTarget;
			buildConfigurationList = DB92A2682E2996FC00493C9D /* Build configuration list for PBXNativeTarget "90UITests" */;
			buildPhases = (
				DB92A2542E2996FC00493C9D /* Sources */,
				DB92A2552E2996FC00493C9D /* Frameworks */,
				DB92A2562E2996FC00493C9D /* Resources */,
			);
			buildRules = (
			);
			dependencies = (
				DB92A25A2E2996FC00493C9D /* PBXTargetDependency */,
			);
			fileSystemSynchronizedGroups = (
				DB92A25B2E2996FC00493C9D /* 90UITests */,
			);
			name = 90UITests;
			packageProductDependencies = (
			);
			productName = 90UITests;
			productReference = DB92A2582E2996FC00493C9D /* 90UITests.xctest */;
			productType = "com.apple.product-type.bundle.ui-testing";
		};
/* End PBXNativeTarget section */

/* Begin PBXProject section */
		DB92A2362E2996FB00493C9D /* Project object */ = {
			isa = PBXProject;
			attributes = {
				BuildIndependentTargetsInParallel = 1;
				LastSwiftUpdateCheck = 1620;
				LastUpgradeCheck = 1620;
				TargetAttributes = {
					DB92A23D2E2996FB00493C9D = {
						CreatedOnToolsVersion = 16.2;
					};
					DB92A24D2E2996FC00493C9D = {
						CreatedOnToolsVersion = 16.2;
						TestTargetID = DB92A23D2E2996FB00493C9D;
					};
					DB92A2572E2996FC00493C9D = {
						CreatedOnToolsVersion = 16.2;
						TestTargetID = DB92A23D2E2996FB00493C9D;
					};
				};
			};
			buildConfigurationList = DB92A2392E2996FB00493C9D /* Build configuration list for PBXProject "90" */;
			developmentRegion = en;
			hasScannedForEncodings = 0;
			knownRegions = (
				en,
				Base,
			);
			mainGroup = DB92A2352E2996FB00493C9D;
			minimizedProjectReferenceProxies = 1;
			preferredProjectObjectVersion = 77;
			productRefGroup = DB92A23F2E2996FB00493C9D /* Products */;
			projectDirPath = "";
			projectRoot = "";
			targets = (
				DB92A23D2E2996FB00493C9D /* 90 */,
				DB92A24D2E2996FC00493C9D /* 90Tests */,
				DB92A2572E2996FC00493C9D /* 90UITests */,
			);
		};
/* End PBXProject section */

/* Begin PBXResourcesBuildPhase section */
		DB92A23C2E2996FB00493C9D /* Resources */ = {
			isa = PBXResourcesBuildPhase;
			buildActionMask = 2147483647;
			files = (
			);
			runOnlyForDeploymentPostprocessing = 0;
		};
		DB92A24C2E2996FC00493C9D /* Resources */ = {
			isa = PBXResourcesBuildPhase;
			buildActionMask = 2147483647;
			files = (
			);
			runOnlyForDeploymentPostprocessing = 0;
		};
		DB92A2562E2996FC00493C9D /* Resources */ = {
			isa = PBXResourcesBuildPhase;
			buildActionMask = 2147483647;
			files = (
			);
			runOnlyForDeploymentPostprocessing = 0;
		};
/* End PBXResourcesBuildPhase section */

/* Begin PBXSourcesBuildPhase section */
		DB92A23A2E2996FB00493C9D /* Sources */ = {
			isa = PBXSourcesBuildPhase;
			buildActionMask = 2147483647;
			files = (
			);
			runOnlyForDeploymentPostprocessing = 0;
		};
		DB92A24A2E2996FC00493C9D /* Sources */ = {
			isa = PBXSourcesBuildPhase;
			buildActionMask = 2147483647;
			files = (
			);
			runOnlyForDeploymentPostprocessing = 0;
		};
		DB92A2542E2996FC00493C9D /* Sources */ = {
			isa = PBXSourcesBuildPhase;
			buildActionMask = 2147483647;
			files = (
			);
			runOnlyForDeploymentPostprocessing = 0;
		};
/* End PBXSourcesBuildPhase section */

/* Begin PBXTargetDependency section */
		DB92A2502E2996FC00493C9D /* PBXTargetDependency */ = {
			isa = PBXTargetDependency;
			target = DB92A23D2E2996FB00493C9D /* 90 */;
			targetProxy = DB92A24F2E2996FC00493C9D /* PBXContainerItemProxy */;
		};
		DB92A25A2E2996FC00493C9D /* PBXTargetDependency */ = {
			isa = PBXTargetDependency;
			target = DB92A23D2E2996FB00493C9D /* 90 */;
			targetProxy = DB92A2592E2996FC00493C9D /* PBXContainerItemProxy */;
		};
/* End PBXTargetDependency section */

/* Begin XCBuildConfiguration section */
		DB92A2602E2996FC00493C9D /* Debug */ = {
			isa = XCBuildConfiguration;
			buildSettings = {
				ALWAYS_SEARCH_USER_PATHS = NO;
				ASSETCATALOG_COMPILER_GENERATE_SWIFT_ASSET_SYMBOL_EXTENSIONS = YES;
				CLANG_ANALYZER_NONNULL = YES;
				CLANG_ANALYZER_NUMBER_OBJECT_CONVERSION = YES_AGGRESSIVE;
				CLANG_CXX_LANGUAGE_STANDARD = "gnu++20";
				CLANG_ENABLE_MODULES = YES;
				CLANG_ENABLE_OBJC_ARC = YES;
				CLANG_ENABLE_OBJC_WEAK = YES;
				CLANG_WARN_BLOCK_CAPTURE_AUTORELEASING = YES;
				CLANG_WARN_BOOL_CONVERSION = YES;
				CLANG_WARN_COMMA = YES;
				CLANG_WARN_CONSTANT_CONVERSION = YES;
				CLANG_WARN_DEPRECATED_OBJC_IMPLEMENTATIONS = YES;
				CLANG_WARN_DIRECT_OBJC_ISA_USAGE = YES_ERROR;
				CLANG_WARN_DOCUMENTATION_COMMENTS = YES;
				CLANG_WARN_EMPTY_BODY = YES;
				CLANG_WARN_ENUM_CONVERSION = YES;
				CLANG_WARN_INFINITE_RECURSION = YES;
				CLANG_WARN_INT_CONVERSION = YES;
				CLANG_WARN_NON_LITERAL_NULL_CONVERSION = YES;
				CLANG_WARN_OBJC_IMPLICIT_RETAIN_SELF = YES;
				CLANG_WARN_OBJC_LITERAL_CONVERSION = YES;
				CLANG_WARN_OBJC_ROOT_CLASS = YES_ERROR;
				CLANG_WARN_QUOTED_INCLUDE_IN_FRAMEWORK_HEADER = YES;
				CLANG_WARN_RANGE_LOOP_ANALYSIS = YES;
				CLANG_WARN_STRICT_PROTOTYPES = YES;
				CLANG_WARN_SUSPICIOUS_MOVE = YES;
				CLANG_WARN_UNGUARDED_AVAILABILITY = YES_AGGRESSIVE;
				CLANG_WARN_UNREACHABLE_CODE = YES;
				CLANG_WARN__DUPLICATE_METHOD_MATCH = YES;
				COPY_PHASE_STRIP = NO;
				DEBUG_INFORMATION_FORMAT = dwarf;
				ENABLE_STRICT_OBJC_MSGSEND = YES;
				ENABLE_TESTABILITY = YES;
				ENABLE_USER_SCRIPT_SANDBOXING = YES;
				GCC_C_LANGUAGE_STANDARD = gnu17;
				GCC_DYNAMIC_NO_PIC = NO;
				GCC_NO_COMMON_BLOCKS = YES;
				GCC_OPTIMIZATION_LEVEL = 0;
				GCC_PREPROCESSOR_DEFINITIONS = (
					"DEBUG=1",
					"$(inherited)",
				);
				GCC_WARN_64_TO_32_BIT_CONVERSION = YES;
				GCC_WARN_ABOUT_RETURN_TYPE = YES_ERROR;
				GCC_WARN_UNDECLARED_SELECTOR = YES;
				GCC_WARN_UNINITIALIZED_AUTOS = YES_AGGRESSIVE;
				GCC_WARN_UNUSED_FUNCTION = YES;
				GCC_WARN_UNUSED_VARIABLE = YES;
				IPHONEOS_DEPLOYMENT_TARGET = 18.2;
				LOCALIZATION_PREFERS_STRING_CATALOGS = YES;
				MTL_ENABLE_DEBUG_INFO = INCLUDE_SOURCE;
				MTL_FAST_MATH = YES;
				ONLY_ACTIVE_ARCH = YES;
				SDKROOT = iphoneos;
				SWIFT_ACTIVE_COMPILATION_CONDITIONS = "DEBUG $(inherited)";
				SWIFT_OPTIMIZATION_LEVEL = "-Onone";
			};
			name = Debug;
		};
		DB92A2612E2996FC00493C9D /* Release */ = {
			isa = XCBuildConfiguration;
			buildSettings = {
				ALWAYS_SEARCH_USER_PATHS = NO;
				ASSETCATALOG_COMPILER_GENERATE_SWIFT_ASSET_SYMBOL_EXTENSIONS = YES;
				CLANG_ANALYZER_NONNULL = YES;
				CLANG_ANALYZER_NUMBER_OBJECT_CONVERSION = YES_AGGRESSIVE;
				CLANG_CXX_LANGUAGE_STANDARD = "gnu++20";
				CLANG_ENABLE_MODULES = YES;
				CLANG_ENABLE_OBJC_ARC = YES;
				CLANG_ENABLE_OBJC_WEAK = YES;
				CLANG_WARN_BLOCK_CAPTURE_AUTORELEASING = YES;
				CLANG_WARN_BOOL_CONVERSION = YES;
				CLANG_WARN_COMMA = YES;
				CLANG_WARN_CONSTANT_CONVERSION = YES;
				CLANG_WARN_DEPRECATED_OBJC_IMPLEMENTATIONS = YES;
				CLANG_WARN_DIRECT_OBJC_ISA_USAGE = YES_ERROR;
				CLANG_WARN_DOCUMENTATION_COMMENTS = YES;
				CLANG_WARN_EMPTY_BODY = YES;
				CLANG_WARN_ENUM_CONVERSION = YES;
				CLANG_WARN_INFINITE_RECURSION = YES;
				CLANG_WARN_INT_CONVERSION = YES;
				CLANG_WARN_NON_LITERAL_NULL_CONVERSION = YES;
				CLANG_WARN_OBJC_IMPLICIT_RETAIN_SELF = YES;
				CLANG_WARN_OBJC_LITERAL_CONVERSION = YES;
				CLANG_WARN_OBJC_ROOT_CLASS = YES_ERROR;
				CLANG_WARN_QUOTED_INCLUDE_IN_FRAMEWORK_HEADER = YES;
				CLANG_WARN_RANGE_LOOP_ANALYSIS = YES;
				CLANG_WARN_STRICT_PROTOTYPES = YES;
				CLANG_WARN_SUSPICIOUS_MOVE = YES;
				CLANG_WARN_UNGUARDED_AVAILABILITY = YES_AGGRESSIVE;
				CLANG_WARN_UNREACHABLE_CODE = YES;
				CLANG_WARN__DUPLICATE_METHOD_MATCH = YES;
				COPY_PHASE_STRIP = NO;
				DEBUG_INFORMATION_FORMAT = "dwarf-with-dsym";
				ENABLE_NS_ASSERTIONS = NO;
				ENABLE_STRICT_OBJC_MSGSEND = YES;
				ENABLE_USER_SCRIPT_SANDBOXING = YES;
				GCC_C_LANGUAGE_STANDARD = gnu17;
				GCC_NO_COMMON_BLOCKS = YES;
				GCC_WARN_64_TO_32_BIT_CONVERSION = YES;
				GCC_WARN_ABOUT_RETURN_TYPE = YES_ERROR;
				GCC_WARN_UNDECLARED_SELECTOR = YES;
				GCC_WARN_UNINITIALIZED_AUTOS = YES_AGGRESSIVE;
				GCC_WARN_UNUSED_FUNCTION = YES;
				GCC_WARN_UNUSED_VARIABLE = YES;
				IPHONEOS_DEPLOYMENT_TARGET = 18.2;
				LOCALIZATION_PREFERS_STRING_CATALOGS = YES;
				MTL_ENABLE_DEBUG_INFO = NO;
				MTL_FAST_MATH = YES;
				SDKROOT = iphoneos;
				SWIFT_COMPILATION_MODE = wholemodule;
				VALIDATE_PRODUCT = YES;
			};
			name = Release;
		};
		DB92A2632E2996FC00493C9D /* Debug */ = {
			isa = XCBuildConfiguration;
			buildSettings = {
				ASSETCATALOG_COMPILER_APPICON_NAME = AppIcon;
				ASSETCATALOG_COMPILER_GLOBAL_ACCENT_COLOR_NAME = AccentColor;
				CODE_SIGN_STYLE = Automatic;
				CURRENT_PROJECT_VERSION = 1;
				DEVELOPMENT_ASSET_PATHS = "\"90/Preview Content\"";
				DEVELOPMENT_TEAM = QLZAR4XX2G;
				ENABLE_PREVIEWS = YES;
				GENERATE_INFOPLIST_FILE = YES;
				INFOPLIST_KEY_NSCameraUsageDescription = "This app needs camera access to record videos in 16:9 landscape format while holding your phone vertically.";
				INFOPLIST_KEY_NSMicrophoneUsageDescription = "This app needs microphone access to record audio with your videos.";
				INFOPLIST_KEY_NSPhotoLibraryAddUsageDescription = "This app needs photo library access to save your recorded videos to the camera roll.";
				INFOPLIST_KEY_NSPhotoLibraryUsageDescription = "This app needs photo library access to save your recorded videos and access your camera roll.";
				INFOPLIST_KEY_UIApplicationSceneManifest_Generation = YES;
				INFOPLIST_KEY_UIApplicationSupportsIndirectInputEvents = YES;
				INFOPLIST_KEY_UILaunchScreen_Generation = YES;
				INFOPLIST_KEY_UISupportedInterfaceOrientations_iPad = "UIInterfaceOrientationPortrait UIInterfaceOrientationPortraitUpsideDown UIInterfaceOrientationLandscapeLeft UIInterfaceOrientationLandscapeRight";
				INFOPLIST_KEY_UISupportedInterfaceOrientations_iPhone = "UIInterfaceOrientationPortrait UIInterfaceOrientationLandscapeLeft UIInterfaceOrientationLandscapeRight";
				LD_RUNPATH_SEARCH_PATHS = (
					"$(inherited)",
					"@executable_path/Frameworks",
				);
				MARKETING_VERSION = 0.1.0;
				PRODUCT_BUNDLE_IDENTIFIER = "de.metame.-0";
				PRODUCT_NAME = "$(TARGET_NAME)";
				SWIFT_EMIT_LOC_STRINGS = YES;
				SWIFT_VERSION = 5.0;
				TARGETED_DEVICE_FAMILY = "1,2";
			};
			name = Debug;
		};
		DB92A2642E2996FC00493C9D /* Release */ = {
			isa = XCBuildConfiguration;
			buildSettings = {
				ASSETCATALOG_COMPILER_APPICON_NAME = AppIcon;
				ASSETCATALOG_COMPILER_GLOBAL_ACCENT_COLOR_NAME = AccentColor;
				CODE_SIGN_STYLE = Automatic;
				CURRENT_PROJECT_VERSION = 1;
				DEVELOPMENT_ASSET_PATHS = "\"90/Preview Content\"";
				DEVELOPMENT_TEAM = QLZAR4XX2G;
				ENABLE_PREVIEWS = YES;
				GENERATE_INFOPLIST_FILE = YES;
				INFOPLIST_KEY_NSCameraUsageDescription = "This app needs camera access to record videos in 16:9 landscape format while holding your phone vertically.";
				INFOPLIST_KEY_NSMicrophoneUsageDescription = "This app needs microphone access to record audio with your videos.";
				INFOPLIST_KEY_NSPhotoLibraryAddUsageDescription = "This app needs photo library access to save your recorded videos to the camera roll.";
				INFOPLIST_KEY_NSPhotoLibraryUsageDescription = "This app needs photo library access to save your recorded videos and access your camera roll.";
				INFOPLIST_KEY_UIApplicationSceneManifest_Generation = YES;
				INFOPLIST_KEY_UIApplicationSupportsIndirectInputEvents = YES;
				INFOPLIST_KEY_UILaunchScreen_Generation = YES;
				INFOPLIST_KEY_UISupportedInterfaceOrientations_iPad = "UIInterfaceOrientationPortrait UIInterfaceOrientationPortraitUpsideDown UIInterfaceOrientationLandscapeLeft UIInterfaceOrientationLandscapeRight";
				INFOPLIST_KEY_UISupportedInterfaceOrientations_iPhone = "UIInterfaceOrientationPortrait UIInterfaceOrientationLandscapeLeft UIInterfaceOrientationLandscapeRight";
				LD_RUNPATH_SEARCH_PATHS = (
					"$(inherited)",
					"@executable_path/Frameworks",
				);
				MARKETING_VERSION = 0.1.0;
				PRODUCT_BUNDLE_IDENTIFIER = "de.metame.-0";
				PRODUCT_NAME = "$(TARGET_NAME)";
				SWIFT_EMIT_LOC_STRINGS = YES;
				SWIFT_VERSION = 5.0;
				TARGETED_DEVICE_FAMILY = "1,2";
			};
			name = Release;
		};
		DB92A2662E2996FC00493C9D /* Debug */ = {
			isa = XCBuildConfiguration;
			buildSettings = {
				BUNDLE_LOADER = "$(TEST_HOST)";
				CODE_SIGN_STYLE = Automatic;
				CURRENT_PROJECT_VERSION = 1;
				DEVELOPMENT_TEAM = QLZAR4XX2G;
				GENERATE_INFOPLIST_FILE = YES;
				IPHONEOS_DEPLOYMENT_TARGET = 18.2;
				MARKETING_VERSION = 1.0;
				PRODUCT_BUNDLE_IDENTIFIER = "de.metame.-0Tests";
				PRODUCT_NAME = "$(TARGET_NAME)";
				SWIFT_EMIT_LOC_STRINGS = NO;
				SWIFT_VERSION = 5.0;
				TARGETED_DEVICE_FAMILY = "1,2";
				TEST_HOST = "$(BUILT_PRODUCTS_DIR)/90.app/$(BUNDLE_EXECUTABLE_FOLDER_PATH)/90";
			};
			name = Debug;
		};
		DB92A2672E2996FC00493C9D /* Release */ = {
			isa = XCBuildConfiguration;
			buildSettings = {
				BUNDLE_LOADER = "$(TEST_HOST)";
				CODE_SIGN_STYLE = Automatic;
				CURRENT_PROJECT_VERSION = 1;
				DEVELOPMENT_TEAM = QLZAR4XX2G;
				GENERATE_INFOPLIST_FILE = YES;
				IPHONEOS_DEPLOYMENT_TARGET = 18.2;
				MARKETING_VERSION = 1.0;
				PRODUCT_BUNDLE_IDENTIFIER = "de.metame.-0Tests";
				PRODUCT_NAME = "$(TARGET_NAME)";
				SWIFT_EMIT_LOC_STRINGS = NO;
				SWIFT_VERSION = 5.0;
				TARGETED_DEVICE_FAMILY = "1,2";
				TEST_HOST = "$(BUILT_PRODUCTS_DIR)/90.app/$(BUNDLE_EXECUTABLE_FOLDER_PATH)/90";
			};
			name = Release;
		};
		DB92A2692E2996FC00493C9D /* Debug */ = {
			isa = XCBuildConfiguration;
			buildSettings = {
				CODE_SIGN_STYLE = Automatic;
				CURRENT_PROJECT_VERSION = 1;
				DEVELOPMENT_TEAM = QLZAR4XX2G;
				GENERATE_INFOPLIST_FILE = YES;
				MARKETING_VERSION = 1.0;
				PRODUCT_BUNDLE_IDENTIFIER = "de.metame.-0UITests";
				PRODUCT_NAME = "$(TARGET_NAME)";
				SWIFT_EMIT_LOC_STRINGS = NO;
				SWIFT_VERSION = 5.0;
				TARGETED_DEVICE_FAMILY = "1,2";
				TEST_TARGET_NAME = 90;
			};
			name = Debug;
		};
		DB92A26A2E2996FC00493C9D /* Release */ = {
			isa = XCBuildConfiguration;
			buildSettings = {
				CODE_SIGN_STYLE = Automatic;
				CURRENT_PROJECT_VERSION = 1;
				DEVELOPMENT_TEAM = QLZAR4XX2G;
				GENERATE_INFOPLIST_FILE = YES;
				MARKETING_VERSION = 1.0;
				PRODUCT_BUNDLE_IDENTIFIER = "de.metame.-0UITests";
				PRODUCT_NAME = "$(TARGET_NAME)";
				SWIFT_EMIT_LOC_STRINGS = NO;
				SWIFT_VERSION = 5.0;
				TARGETED_DEVICE_FAMILY = "1,2";
				TEST_TARGET_NAME = 90;
			};
			name = Release;
		};
/* End XCBuildConfiguration section */

/* Begin XCConfigurationList section */
		DB92A2392E2996FB00493C9D /* Build configuration list for PBXProject "90" */ = {
			isa = XCConfigurationList;
			buildConfigurations = (
				DB92A2602E2996FC00493C9D /* Debug */,
				DB92A2612E2996FC00493C9D /* Release */,
			);
			defaultConfigurationIsVisible = 0;
			defaultConfigurationName = Release;
		};
		DB92A2622E2996FC00493C9D /* Build configuration list for PBXNativeTarget "90" */ = {
			isa = XCConfigurationList;
			buildConfigurations = (
				DB92A2632E2996FC00493C9D /* Debug */,
				DB92A2642E2996FC00493C9D /* Release */,
			);
			defaultConfigurationIsVisible = 0;
			defaultConfigurationName = Release;
		};
		DB92A2652E2996FC00493C9D /* Build configuration list for PBXNativeTarget "90Tests" */ = {
			isa = XCConfigurationList;
			buildConfigurations = (
				DB92A2662E2996FC00493C9D /* Debug */,
				DB92A2672E2996FC00493C9D /* Release */,
			);
			defaultConfigurationIsVisible = 0;
			defaultConfigurationName = Release;
		};
		DB92A2682E2996FC00493C9D /* Build configuration list for PBXNativeTarget "90UITests" */ = {
			isa = XCConfigurationList;
			buildConfigurations = (
				DB92A2692E2996FC00493C9D /* Debug */,
				DB92A26A2E2996FC00493C9D /* Release */,
			);
			defaultConfigurationIsVisible = 0;
			defaultConfigurationName = Release;
		};
/* End XCConfigurationList section */
	};
	rootObject = DB92A2362E2996FB00493C9D /* Project object */;
}
